
Microsoft Visual Studio Solution File, Format Version 12.00
# Visual Studio 15
VisualStudioVersion = 15.0.27703.2000
MinimumVisualStudioVersion = 10.0.40219.1
Project("{9A19103F-16F7-4668-BE54-9A1E7A4F7556}") = "Api.Mahar", "Api.Mahar\Api.Mahar.csproj", "{1C71DD5F-6C79-4E80-BB4E-505836065B5D}"
EndProject
Project("{E53339B2-1760-4266-BCC7-CA923CBCF16C}") = "docker-compose", "docker-compose.dcproj", "{D470132E-D516-485F-A5BF-DDCF8642B1F6}"
EndProject
Project("{9A19103F-16F7-4668-BE54-9A1E7A4F7556}") = "Mahar.Xunit", "..\Mahar.Xunit\Mahar.Xunit.csproj", "{17D78F0C-0114-4110-8AA8-778C33D8EF04}"
EndProject
Project("{9A19103F-16F7-4668-BE54-9A1E7A4F7556}") = "Mahar.Dominio", "Mahar.Dominio\Mahar.Dominio.csproj", "{871D290F-2C46-445B-9407-B4073FB52915}"
EndProject
Project("{FAE04EC0-301F-11D3-BF4B-00C04F79EFBC}") = "Mahar.Infra", "..\Mahar.Infra\Mahar.Infra.csproj", "{820FC53B-92E7-4BEB-A452-78AFF3F761C2}"
EndProject
Global
	GlobalSection(SolutionConfigurationPlatforms) = preSolution
		Debug|Any CPU = Debug|Any CPU
		Release|Any CPU = Release|Any CPU
	EndGlobalSection
	GlobalSection(ProjectConfigurationPlatforms) = postSolution
		{1C71DD5F-6C79-4E80-BB4E-505836065B5D}.Debug|Any CPU.ActiveCfg = Debug|Any CPU
		{1C71DD5F-6C79-4E80-BB4E-505836065B5D}.Debug|Any CPU.Build.0 = Debug|Any CPU
		{1C71DD5F-6C79-4E80-BB4E-505836065B5D}.Release|Any CPU.ActiveCfg = Release|Any CPU
		{1C71DD5F-6C79-4E80-BB4E-505836065B5D}.Release|Any CPU.Build.0 = Release|Any CPU
		{D470132E-D516-485F-A5BF-DDCF8642B1F6}.Debug|Any CPU.ActiveCfg = Debug|Any CPU
		{D470132E-D516-485F-A5BF-DDCF8642B1F6}.Debug|Any CPU.Build.0 = Debug|Any CPU
		{D470132E-D516-485F-A5BF-DDCF8642B1F6}.Release|Any CPU.ActiveCfg = Release|Any CPU
		{D470132E-D516-485F-A5BF-DDCF8642B1F6}.Release|Any CPU.Build.0 = Release|Any CPU
		{17D78F0C-0114-4110-8AA8-778C33D8EF04}.Debug|Any CPU.ActiveCfg = Debug|Any CPU
		{17D78F0C-0114-4110-8AA8-778C33D8EF04}.Debug|Any CPU.Build.0 = Debug|Any CPU
		{17D78F0C-0114-4110-8AA8-778C33D8EF04}.Release|Any CPU.ActiveCfg = Release|Any CPU
		{17D78F0C-0114-4110-8AA8-778C33D8EF04}.Release|Any CPU.Build.0 = Release|Any CPU
		{871D290F-2C46-445B-9407-B4073FB52915}.Debug|Any CPU.ActiveCfg = Debug|Any CPU
		{871D290F-2C46-445B-9407-B4073FB52915}.Debug|Any CPU.Build.0 = Debug|Any CPU
		{871D290F-2C46-445B-9407-B4073FB52915}.Release|Any CPU.ActiveCfg = Release|Any CPU
		{871D290F-2C46-445B-9407-B4073FB52915}.Release|Any CPU.Build.0 = Release|Any CPU
		{820FC53B-92E7-4BEB-A452-78AFF3F761C2}.Debug|Any CPU.ActiveCfg = Debug|Any CPU
		{820FC53B-92E7-4BEB-A452-78AFF3F761C2}.Debug|Any CPU.Build.0 = Debug|Any CPU
		{820FC53B-92E7-4BEB-A452-78AFF3F761C2}.Release|Any CPU.ActiveCfg = Release|Any CPU
		{820FC53B-92E7-4BEB-A452-78AFF3F761C2}.Release|Any CPU.Build.0 = Release|Any CPU
	EndGlobalSection
	GlobalSection(SolutionProperties) = preSolution
		HideSolutionNode = FALSE
	EndGlobalSection
	GlobalSection(ExtensibilityGlobals) = postSolution
		SolutionGuid = {2C2232CF-B7EB-40A8-8082-2AE5DFFCD7BF}
	EndGlobalSection
EndGlobal
